
Microsoft Visual Studio Solution File, Format Version 12.00
# Visual Studio Version 17
VisualStudioVersion = 17.5.002.0
MinimumVisualStudioVersion = 10.0.40219.1
Project("{9A19103F-16F7-4668-BE54-9A1E7A4F7556}") = "ProjetoOdontoPrev", "ProjetoOdontoPrev.csproj", "{7E1D3D17-B644-406F-9FE7-B45D9A475597}"
EndProject
Global
	GlobalSection(SolutionConfigurationPlatforms) = preSolution
		Debug|Any CPU = Debug|Any CPU
		Release|Any CPU = Release|Any CPU
	EndGlobalSection
	GlobalSection(ProjectConfigurationPlatforms) = postSolution
		{7E1D3D17-B644-406F-9FE7-B45D9A475597}.Debug|Any CPU.ActiveCfg = Debug|Any CPU
		{7E1D3D17-B644-406F-9FE7-B45D9A475597}.Debug|Any CPU.Build.0 = Debug|Any CPU
		{7E1D3D17-B644-406F-9FE7-B45D9A475597}.Release|Any CPU.ActiveCfg = Release|Any CPU
		{7E1D3D17-B644-406F-9FE7-B45D9A475597}.Release|Any CPU.Build.0 = Release|Any CPU
	EndGlobalSection
	GlobalSection(SolutionProperties) = preSolution
		HideSolutionNode = FALSE
	EndGlobalSection
	GlobalSection(ExtensibilityGlobals) = postSolution
		SolutionGuid = {0183FB19-4F65-487D-82FB-E524E25EA3E2}
	EndGlobalSection
EndGlobal
